<?xml version="1.0" encoding="utf-8"?>
<Project ToolsVersion="17.0" xmlns="http://schemas.microsoft.com/developer/msbuild/2003">
  <ItemGroup>
    <ClCompile Include="$(SolutionDir)ixml\src\attr.c">
      <Filter>Source Files</Filter>
    </ClCompile>
    <ClCompile Include="$(SolutionDir)ixml\src\document.c">
      <Filter>Source Files</Filter>
    </ClCompile>
    <ClCompile Include="$(SolutionDir)ixml\src\element.c">
      <Filter>Source Files</Filter>
    </ClCompile>
    <ClCompile Include="$(SolutionDir)ixml\src\ixml.c">
      <Filter>Source Files</Filter>
    </ClCompile>
    <ClCompile Include="$(SolutionDir)ixml\src\ixmldebug.c">
      <Filter>Source Files</Filter>
    </ClCompile>
    <ClCompile Include="$(SolutionDir)ixml\src\ixmlmembuf.c">
      <Filter>Source Files</Filter>
    </ClCompile>
    <ClCompile Include="$(SolutionDir)ixml\src\ixmlparser.c">
      <Filter>Source Files</Filter>
    </ClCompile>
    <ClCompile Include="$(SolutionDir)ixml\src\namedNodeMap.c">
      <Filter>Source Files</Filter>
    </ClCompile>
    <ClCompile Include="$(SolutionDir)ixml\src\node.c">
      <Filter>Source Files</Filter>
    </ClCompile>
    <ClCompile Include="$(SolutionDir)ixml\src\nodeList.c">
      <Filter>Source Files</Filter>
    </ClCompile>
  </ItemGroup>
  <ItemGroup>
    <CustomBuild Include="$(SolutionDir)ixml\CMakeLists.txt" />
  </ItemGroup>
  <ItemGroup>
    <Filter Include="Source Files">
      <UniqueIdentifier>{F836A9D2-105E-37F7-AF2F-C3245CD67F95}</UniqueIdentifier>
    </Filter>
  </ItemGroup>
</Project>
